
Microsoft Visual Studio Solution File, Format Version 12.00
# Visual Studio Version 17
VisualStudioVersion = 17.8.34330.188
MinimumVisualStudioVersion = 10.0.40219.1
Project("{9A19103F-16F7-4668-BE54-9A1E7A4F7556}") = "Baggings", "Baggings\Baggings.csproj", "{62284E37-5D41-4B8B-BAFD-98B0CB369D29}"
EndProject
Project("{9A19103F-16F7-4668-BE54-9A1E7A4F7556}") = "Bag_Test", "Bag_Test\Bag_Test.csproj", "{BE97A9CB-D8BE-48C4-A834-5EDCEEA3654A}"
EndProject
Global
	GlobalSection(SolutionConfigurationPlatforms) = preSolution
		Debug|Any CPU = Debug|Any CPU
		Release|Any CPU = Release|Any CPU
	EndGlobalSection
	GlobalSection(ProjectConfigurationPlatforms) = postSolution
		{62284E37-5D41-4B8B-BAFD-98B0CB369D29}.Debug|Any CPU.ActiveCfg = Debug|Any CPU
		{62284E37-5D41-4B8B-BAFD-98B0CB369D29}.Debug|Any CPU.Build.0 = Debug|Any CPU
		{62284E37-5D41-4B8B-BAFD-98B0CB369D29}.Release|Any CPU.ActiveCfg = Release|Any CPU
		{62284E37-5D41-4B8B-BAFD-98B0CB369D29}.Release|Any CPU.Build.0 = Release|Any CPU
		{BE97A9CB-D8BE-48C4-A834-5EDCEEA3654A}.Debug|Any CPU.ActiveCfg = Debug|Any CPU
		{BE97A9CB-D8BE-48C4-A834-5EDCEEA3654A}.Debug|Any CPU.Build.0 = Debug|Any CPU
		{BE97A9CB-D8BE-48C4-A834-5EDCEEA3654A}.Release|Any CPU.ActiveCfg = Release|Any CPU
		{BE97A9CB-D8BE-48C4-A834-5EDCEEA3654A}.Release|Any CPU.Build.0 = Release|Any CPU
	EndGlobalSection
	GlobalSection(SolutionProperties) = preSolution
		HideSolutionNode = FALSE
	EndGlobalSection
	GlobalSection(ExtensibilityGlobals) = postSolution
		SolutionGuid = {F2C3262C-0670-4A80-B857-A92EBCCF3DEC}
	EndGlobalSection
EndGlobal
