
Microsoft Visual Studio Solution File, Format Version 12.00
# Visual Studio Version 17
VisualStudioVersion = 17.7.34024.191
MinimumVisualStudioVersion = 10.0.40219.1
Project("{FAE04EC0-301F-11D3-BF4B-00C04F79EFBC}") = "gyak44", "gyak44\gyak44.csproj", "{6E9EFDF9-6B69-4716-AFC0-4569D891D3E3}"
EndProject
Global
	GlobalSection(SolutionConfigurationPlatforms) = preSolution
		Debug|Any CPU = Debug|Any CPU
		Release|Any CPU = Release|Any CPU
	EndGlobalSection
	GlobalSection(ProjectConfigurationPlatforms) = postSolution
		{6E9EFDF9-6B69-4716-AFC0-4569D891D3E3}.Debug|Any CPU.ActiveCfg = Debug|Any CPU
		{6E9EFDF9-6B69-4716-AFC0-4569D891D3E3}.Debug|Any CPU.Build.0 = Debug|Any CPU
		{6E9EFDF9-6B69-4716-AFC0-4569D891D3E3}.Release|Any CPU.ActiveCfg = Release|Any CPU
		{6E9EFDF9-6B69-4716-AFC0-4569D891D3E3}.Release|Any CPU.Build.0 = Release|Any CPU
	EndGlobalSection
	GlobalSection(SolutionProperties) = preSolution
		HideSolutionNode = FALSE
	EndGlobalSection
	GlobalSection(ExtensibilityGlobals) = postSolution
		SolutionGuid = {C9CFEF1D-836A-4D82-A572-3C52A2369888}
	EndGlobalSection
EndGlobal
