
Microsoft Visual Studio Solution File, Format Version 12.00
# Visual Studio Version 17
VisualStudioVersion = 17.9.34607.119
MinimumVisualStudioVersion = 10.0.40219.1
Project("{FAE04EC0-301F-11D3-BF4B-00C04F79EFBC}") = "Bag", "Bag\Bag.csproj", "{7C931BCA-056F-4E4F-8262-46B8F3F05218}"
EndProject
Global
	GlobalSection(SolutionConfigurationPlatforms) = preSolution
		Debug|Any CPU = Debug|Any CPU
		Release|Any CPU = Release|Any CPU
	EndGlobalSection
	GlobalSection(ProjectConfigurationPlatforms) = postSolution
		{7C931BCA-056F-4E4F-8262-46B8F3F05218}.Debug|Any CPU.ActiveCfg = Debug|Any CPU
		{7C931BCA-056F-4E4F-8262-46B8F3F05218}.Debug|Any CPU.Build.0 = Debug|Any CPU
		{7C931BCA-056F-4E4F-8262-46B8F3F05218}.Release|Any CPU.ActiveCfg = Release|Any CPU
		{7C931BCA-056F-4E4F-8262-46B8F3F05218}.Release|Any CPU.Build.0 = Release|Any CPU
	EndGlobalSection
	GlobalSection(SolutionProperties) = preSolution
		HideSolutionNode = FALSE
	EndGlobalSection
	GlobalSection(ExtensibilityGlobals) = postSolution
		SolutionGuid = {997E9FF8-8FD6-4D3F-90B0-674C101C86BD}
	EndGlobalSection
EndGlobal
