
Microsoft Visual Studio Solution File, Format Version 12.00
# Visual Studio Version 17
VisualStudioVersion = 17.8.34330.188
MinimumVisualStudioVersion = 10.0.40219.1
Project("{9A19103F-16F7-4668-BE54-9A1E7A4F7556}") = "MapProj", "MapProj\MapProj.csproj", "{199C7617-02E2-4C7E-AB1A-C9B2976754EE}"
EndProject
Global
	GlobalSection(SolutionConfigurationPlatforms) = preSolution
		Debug|Any CPU = Debug|Any CPU
		Release|Any CPU = Release|Any CPU
	EndGlobalSection
	GlobalSection(ProjectConfigurationPlatforms) = postSolution
		{199C7617-02E2-4C7E-AB1A-C9B2976754EE}.Debug|Any CPU.ActiveCfg = Debug|Any CPU
		{199C7617-02E2-4C7E-AB1A-C9B2976754EE}.Debug|Any CPU.Build.0 = Debug|Any CPU
		{199C7617-02E2-4C7E-AB1A-C9B2976754EE}.Release|Any CPU.ActiveCfg = Release|Any CPU
		{199C7617-02E2-4C7E-AB1A-C9B2976754EE}.Release|Any CPU.Build.0 = Release|Any CPU
	EndGlobalSection
	GlobalSection(SolutionProperties) = preSolution
		HideSolutionNode = FALSE
	EndGlobalSection
	GlobalSection(ExtensibilityGlobals) = postSolution
		SolutionGuid = {AAA6F016-14F0-4E45-A0D4-4258FD6F218B}
	EndGlobalSection
EndGlobal
