
Microsoft Visual Studio Solution File, Format Version 12.00
# Visual Studio Version 17
VisualStudioVersion = 17.9.34607.119
MinimumVisualStudioVersion = 10.0.40219.1
Project("{FAE04EC0-301F-11D3-BF4B-00C04F79EFBC}") = "Cactus", "Cactus\Cactus.csproj", "{84B158D3-CC81-4618-AF67-367843E943A4}"
EndProject
Global
	GlobalSection(SolutionConfigurationPlatforms) = preSolution
		Debug|Any CPU = Debug|Any CPU
		Release|Any CPU = Release|Any CPU
	EndGlobalSection
	GlobalSection(ProjectConfigurationPlatforms) = postSolution
		{84B158D3-CC81-4618-AF67-367843E943A4}.Debug|Any CPU.ActiveCfg = Debug|Any CPU
		{84B158D3-CC81-4618-AF67-367843E943A4}.Debug|Any CPU.Build.0 = Debug|Any CPU
		{84B158D3-CC81-4618-AF67-367843E943A4}.Release|Any CPU.ActiveCfg = Release|Any CPU
		{84B158D3-CC81-4618-AF67-367843E943A4}.Release|Any CPU.Build.0 = Release|Any CPU
	EndGlobalSection
	GlobalSection(SolutionProperties) = preSolution
		HideSolutionNode = FALSE
	EndGlobalSection
	GlobalSection(ExtensibilityGlobals) = postSolution
		SolutionGuid = {2A27D712-2EA7-46C2-A808-BB9B37FCBBBD}
	EndGlobalSection
EndGlobal
