
Microsoft Visual Studio Solution File, Format Version 12.00
# Visual Studio Version 17
VisualStudioVersion = 17.9.34607.119
MinimumVisualStudioVersion = 10.0.40219.1
Project("{FAE04EC0-301F-11D3-BF4B-00C04F79EFBC}") = "kisBeadando5", "kisBeadando5\kisBeadando5.csproj", "{59CE4B68-8844-4307-A71C-8C4C87B6F9BA}"
EndProject
Global
	GlobalSection(SolutionConfigurationPlatforms) = preSolution
		Debug|Any CPU = Debug|Any CPU
		Release|Any CPU = Release|Any CPU
	EndGlobalSection
	GlobalSection(ProjectConfigurationPlatforms) = postSolution
		{59CE4B68-8844-4307-A71C-8C4C87B6F9BA}.Debug|Any CPU.ActiveCfg = Debug|Any CPU
		{59CE4B68-8844-4307-A71C-8C4C87B6F9BA}.Debug|Any CPU.Build.0 = Debug|Any CPU
		{59CE4B68-8844-4307-A71C-8C4C87B6F9BA}.Release|Any CPU.ActiveCfg = Release|Any CPU
		{59CE4B68-8844-4307-A71C-8C4C87B6F9BA}.Release|Any CPU.Build.0 = Release|Any CPU
	EndGlobalSection
	GlobalSection(SolutionProperties) = preSolution
		HideSolutionNode = FALSE
	EndGlobalSection
	GlobalSection(ExtensibilityGlobals) = postSolution
		SolutionGuid = {846C75AE-438C-4109-9B2E-0563BA5EE592}
	EndGlobalSection
EndGlobal
