
Microsoft Visual Studio Solution File, Format Version 12.00
# Visual Studio Version 17
VisualStudioVersion = 17.8.34330.188
MinimumVisualStudioVersion = 10.0.40219.1
Project("{9A19103F-16F7-4668-BE54-9A1E7A4F7556}") = "Kor", "Kor\Kor.csproj", "{966457AE-4B38-468E-A4E6-0F2E62346DE6}"
EndProject
Project("{9A19103F-16F7-4668-BE54-9A1E7A4F7556}") = "Komplex", "Komplex\Komplex.csproj", "{7DE35688-7A81-4565-8F0D-7FB414E1B07A}"
EndProject
Project("{FAE04EC0-301F-11D3-BF4B-00C04F79EFBC}") = "Polinom", "Polinom\Polinom.csproj", "{6865AD3F-D530-4CDF-BC84-1102B436DD80}"
EndProject
Global
	GlobalSection(SolutionConfigurationPlatforms) = preSolution
		Debug|Any CPU = Debug|Any CPU
		Release|Any CPU = Release|Any CPU
	EndGlobalSection
	GlobalSection(ProjectConfigurationPlatforms) = postSolution
		{966457AE-4B38-468E-A4E6-0F2E62346DE6}.Debug|Any CPU.ActiveCfg = Debug|Any CPU
		{966457AE-4B38-468E-A4E6-0F2E62346DE6}.Debug|Any CPU.Build.0 = Debug|Any CPU
		{966457AE-4B38-468E-A4E6-0F2E62346DE6}.Release|Any CPU.ActiveCfg = Release|Any CPU
		{966457AE-4B38-468E-A4E6-0F2E62346DE6}.Release|Any CPU.Build.0 = Release|Any CPU
		{7DE35688-7A81-4565-8F0D-7FB414E1B07A}.Debug|Any CPU.ActiveCfg = Debug|Any CPU
		{7DE35688-7A81-4565-8F0D-7FB414E1B07A}.Debug|Any CPU.Build.0 = Debug|Any CPU
		{7DE35688-7A81-4565-8F0D-7FB414E1B07A}.Release|Any CPU.ActiveCfg = Release|Any CPU
		{7DE35688-7A81-4565-8F0D-7FB414E1B07A}.Release|Any CPU.Build.0 = Release|Any CPU
		{6865AD3F-D530-4CDF-BC84-1102B436DD80}.Debug|Any CPU.ActiveCfg = Debug|Any CPU
		{6865AD3F-D530-4CDF-BC84-1102B436DD80}.Debug|Any CPU.Build.0 = Debug|Any CPU
		{6865AD3F-D530-4CDF-BC84-1102B436DD80}.Release|Any CPU.ActiveCfg = Release|Any CPU
		{6865AD3F-D530-4CDF-BC84-1102B436DD80}.Release|Any CPU.Build.0 = Release|Any CPU
	EndGlobalSection
	GlobalSection(SolutionProperties) = preSolution
		HideSolutionNode = FALSE
	EndGlobalSection
	GlobalSection(ExtensibilityGlobals) = postSolution
		SolutionGuid = {ECFF077E-E481-4EBE-8430-465B8FBD7341}
	EndGlobalSection
EndGlobal
