
Microsoft Visual Studio Solution File, Format Version 12.00
# Visual Studio Version 17
VisualStudioVersion = 17.9.34902.65
MinimumVisualStudioVersion = 10.0.40219.1
Project("{FAE04EC0-301F-11D3-BF4B-00C04F79EFBC}") = "ConsoleApp2", "ConsoleApp2\ConsoleApp2.csproj", "{E07EECBE-4CF6-424A-9361-A188425CFD20}"
EndProject
Global
	GlobalSection(SolutionConfigurationPlatforms) = preSolution
		Debug|Any CPU = Debug|Any CPU
		Release|Any CPU = Release|Any CPU
	EndGlobalSection
	GlobalSection(ProjectConfigurationPlatforms) = postSolution
		{E07EECBE-4CF6-424A-9361-A188425CFD20}.Debug|Any CPU.ActiveCfg = Debug|Any CPU
		{E07EECBE-4CF6-424A-9361-A188425CFD20}.Debug|Any CPU.Build.0 = Debug|Any CPU
		{E07EECBE-4CF6-424A-9361-A188425CFD20}.Release|Any CPU.ActiveCfg = Release|Any CPU
		{E07EECBE-4CF6-424A-9361-A188425CFD20}.Release|Any CPU.Build.0 = Release|Any CPU
	EndGlobalSection
	GlobalSection(SolutionProperties) = preSolution
		HideSolutionNode = FALSE
	EndGlobalSection
	GlobalSection(ExtensibilityGlobals) = postSolution
		SolutionGuid = {CCE40BB9-C157-4D2D-8DB6-A90F71DE354F}
	EndGlobalSection
EndGlobal
