
Microsoft Visual Studio Solution File, Format Version 12.00
# Visual Studio Version 17
VisualStudioVersion = 17.9.34607.119
MinimumVisualStudioVersion = 10.0.40219.1
Project("{FAE04EC0-301F-11D3-BF4B-00C04F79EFBC}") = "fisrtPrg", "fisrtPrg\fisrtPrg.csproj", "{E72C8F11-6A9F-49B0-BD06-14203D81714F}"
EndProject
Global
	GlobalSection(SolutionConfigurationPlatforms) = preSolution
		Debug|Any CPU = Debug|Any CPU
		Release|Any CPU = Release|Any CPU
	EndGlobalSection
	GlobalSection(ProjectConfigurationPlatforms) = postSolution
		{E72C8F11-6A9F-49B0-BD06-14203D81714F}.Debug|Any CPU.ActiveCfg = Debug|Any CPU
		{E72C8F11-6A9F-49B0-BD06-14203D81714F}.Debug|Any CPU.Build.0 = Debug|Any CPU
		{E72C8F11-6A9F-49B0-BD06-14203D81714F}.Release|Any CPU.ActiveCfg = Release|Any CPU
		{E72C8F11-6A9F-49B0-BD06-14203D81714F}.Release|Any CPU.Build.0 = Release|Any CPU
	EndGlobalSection
	GlobalSection(SolutionProperties) = preSolution
		HideSolutionNode = FALSE
	EndGlobalSection
	GlobalSection(ExtensibilityGlobals) = postSolution
		SolutionGuid = {C5A5B95D-1D6D-4EE0-A391-9831BF2A7114}
	EndGlobalSection
EndGlobal
