
Microsoft Visual Studio Solution File, Format Version 12.00
# Visual Studio Version 17
VisualStudioVersion = 17.8.34330.188
MinimumVisualStudioVersion = 10.0.40219.1
Project("{9A19103F-16F7-4668-BE54-9A1E7A4F7556}") = "GardenParcel", "GardenParcel\GardenParcel.csproj", "{8306A057-7853-4782-A782-C607ABAE6672}"
EndProject
Global
	GlobalSection(SolutionConfigurationPlatforms) = preSolution
		Debug|Any CPU = Debug|Any CPU
		Release|Any CPU = Release|Any CPU
	EndGlobalSection
	GlobalSection(ProjectConfigurationPlatforms) = postSolution
		{8306A057-7853-4782-A782-C607ABAE6672}.Debug|Any CPU.ActiveCfg = Debug|Any CPU
		{8306A057-7853-4782-A782-C607ABAE6672}.Debug|Any CPU.Build.0 = Debug|Any CPU
		{8306A057-7853-4782-A782-C607ABAE6672}.Release|Any CPU.ActiveCfg = Release|Any CPU
		{8306A057-7853-4782-A782-C607ABAE6672}.Release|Any CPU.Build.0 = Release|Any CPU
	EndGlobalSection
	GlobalSection(SolutionProperties) = preSolution
		HideSolutionNode = FALSE
	EndGlobalSection
	GlobalSection(ExtensibilityGlobals) = postSolution
		SolutionGuid = {0108343B-E7B5-4333-82F6-34F2406DF315}
	EndGlobalSection
EndGlobal
