
Microsoft Visual Studio Solution File, Format Version 12.00
# Visual Studio Version 16
VisualStudioVersion = 16.0.30204.135
MinimumVisualStudioVersion = 10.0.40219.1
Project("{FAE04EC0-301F-11D3-BF4B-00C04F79EFBC}") = "Sphere2", "Sphere2\Sphere2.csproj", "{ECC06E08-41F8-4795-9506-29CF4A8937EE}"
EndProject
Global
	GlobalSection(SolutionConfigurationPlatforms) = preSolution
		Debug|Any CPU = Debug|Any CPU
		Release|Any CPU = Release|Any CPU
	EndGlobalSection
	GlobalSection(ProjectConfigurationPlatforms) = postSolution
		{ECC06E08-41F8-4795-9506-29CF4A8937EE}.Debug|Any CPU.ActiveCfg = Debug|Any CPU
		{ECC06E08-41F8-4795-9506-29CF4A8937EE}.Debug|Any CPU.Build.0 = Debug|Any CPU
		{ECC06E08-41F8-4795-9506-29CF4A8937EE}.Release|Any CPU.ActiveCfg = Release|Any CPU
		{ECC06E08-41F8-4795-9506-29CF4A8937EE}.Release|Any CPU.Build.0 = Release|Any CPU
	EndGlobalSection
	GlobalSection(SolutionProperties) = preSolution
		HideSolutionNode = FALSE
	EndGlobalSection
	GlobalSection(ExtensibilityGlobals) = postSolution
		SolutionGuid = {63885BFC-91AB-438A-BE96-18154857F563}
	EndGlobalSection
EndGlobal
